[[package]]
name = "appnope"
version = "0.1.3"
description = "Disable App Nap on macOS >= 10.9"
category = "dev"
optional = false
python-versions = "*"

[[package]]
name = "asttokens"
version = "2.2.1"
description = "Annotate AST trees with source code positions"
category = "dev"
optional = false
python-versions = "*"

[package.dependencies]
six = "*"

[package.extras]
test = ["astroid", "pytest"]

[[package]]
name = "atomicwrites"
version = "1.4.1"
description = "Atomic file writes."
category = "dev"
optional = false
python-versions = ">=2.7, !=3.0.*, !=3.1.*, !=3.2.*, !=3.3.*"

[[package]]
name = "attrs"
version = "22.2.0"
description = "Classes Without Boilerplate"
category = "dev"
optional = false
python-versions = ">=3.6"

[package.extras]
cov = ["attrs", "coverage-enable-subprocess", "coverage[toml] (>=5.3)"]
dev = ["attrs"]
docs = ["furo", "sphinx", "myst-parser", "zope.interface", "sphinx-notfound-page", "sphinxcontrib-towncrier", "towncrier"]
tests = ["attrs", "zope.interface"]
tests-no-zope = ["hypothesis", "pympler", "pytest (>=4.3.0)", "pytest-xdist", "cloudpickle", "mypy (>=0.971,<0.990)", "pytest-mypy-plugins"]
tests_no_zope = ["hypothesis", "pympler", "pytest (>=4.3.0)", "pytest-xdist", "cloudpickle", "mypy (>=0.971,<0.990)", "pytest-mypy-plugins"]

[[package]]
name = "backcall"
version = "0.2.0"
description = "Specifications for callback functions passed in to an API"
category = "dev"
optional = false
python-versions = "*"

[[package]]
name = "blessings"
version = "1.7"
description = "A thin, practical wrapper around terminal coloring, styling, and positioning"
category = "dev"
optional = false
python-versions = ">=2.7, !=3.0.*, !=3.1.*, !=3.2.*, !=3.3.*"

[package.dependencies]
six = "*"

[[package]]
name = "cffi"
version = "1.15.1"
description = "Foreign Function Interface for Python calling C code."
category = "main"
optional = false
python-versions = "*"

[package.dependencies]
pycparser = "*"

[[package]]
name = "click"
version = "8.1.3"
description = "Composable command line interface toolkit"
category = "main"
optional = false
python-versions = ">=3.7"

[package.dependencies]
colorama = {version = "*", markers = "platform_system == \"Windows\""}

[[package]]
name = "colorama"
version = "0.4.6"
description = "Cross-platform colored terminal text."
category = "main"
optional = false
python-versions = "!=3.0.*,!=3.1.*,!=3.2.*,!=3.3.*,!=3.4.*,!=3.5.*,!=3.6.*,>=2.7"

[[package]]
name = "commonmark"
version = "0.9.1"
description = "Python parser for the CommonMark Markdown spec"
category = "main"
optional = false
python-versions = "*"

[package.extras]
test = ["flake8 (==3.7.8)", "hypothesis (==3.55.3)"]

[[package]]
name = "cryptography"
version = "40.0.1"
description = "cryptography is a package which provides cryptographic recipes and primitives to Python developers."
category = "main"
optional = false
python-versions = ">=3.6"

[package.dependencies]
cffi = ">=1.12"

[package.extras]
docs = ["sphinx (>=5.3.0)", "sphinx-rtd-theme (>=1.1.1)"]
docstest = ["pyenchant (>=1.6.11)", "twine (>=1.12.0)", "sphinxcontrib-spelling (>=4.0.1)"]
pep8test = ["black", "ruff", "mypy", "check-manifest"]
sdist = ["setuptools-rust (>=0.11.4)"]
ssh = ["bcrypt (>=3.1.5)"]
test = ["pytest (>=6.2.0)", "pytest-shard (>=0.1.2)", "pytest-benchmark", "pytest-cov", "pytest-subtests", "pytest-xdist", "pretend", "iso8601"]
test-randomorder = ["pytest-randomly"]
tox = ["tox"]

[[package]]
name = "decorator"
version = "5.1.1"
description = "Decorators for Humans"
category = "dev"
optional = false
python-versions = ">=3.5"

[[package]]
name = "deepdiff"
version = "6.3.0"
description = "Deep Difference and Search of any Python object/data. Recreate objects by adding adding deltas to each other."
category = "main"
optional = false
python-versions = ">=3.7"

[package.dependencies]
ordered-set = ">=4.0.2,<4.2.0"

[package.extras]
cli = ["click (==8.1.3)", "pyyaml (==6.0)"]
optimize = ["orjson"]

[[package]]
name = "dictdiffer"
version = "0.9.0"
description = "Dictdiffer is a library that helps you to diff and patch dictionaries."
category = "main"
optional = false
python-versions = "*"

[package.extras]
all = ["Sphinx (>=3)", "sphinx-rtd-theme (>=0.2)", "check-manifest (>=0.42)", "mock (>=1.3.0)", "pytest-cov (>=2.10.1)", "pytest-isort (>=1.2.0)", "sphinx (>=3)", "tox (>=3.7.0)", "numpy (>=1.13.0)", "numpy (>=1.15.0)", "numpy (>=1.18.0)", "pytest (==5.4.3)", "pytest-pycodestyle (>=2)", "pytest-pydocstyle (>=2)", "pytest (>=6)", "pytest-pycodestyle (>=2.2.0)", "pytest-pydocstyle (>=2.2.0)", "numpy (>=1.20.0)"]
docs = ["Sphinx (>=3)", "sphinx-rtd-theme (>=0.2)"]
numpy = ["numpy (>=1.13.0)", "numpy (>=1.15.0)", "numpy (>=1.18.0)", "numpy (>=1.20.0)"]
tests = ["check-manifest (>=0.42)", "mock (>=1.3.0)", "pytest-cov (>=2.10.1)", "pytest-isort (>=1.2.0)", "sphinx (>=3)", "tox (>=3.7.0)", "pytest (==5.4.3)", "pytest-pycodestyle (>=2)", "pytest-pydocstyle (>=2)", "pytest (>=6)", "pytest-pycodestyle (>=2.2.0)", "pytest-pydocstyle (>=2.2.0)"]

[[package]]
name = "executing"
version = "1.2.0"
description = "Get the currently executing AST node of a frame, and other information"
category = "dev"
optional = false
python-versions = "*"

[package.extras]
tests = ["asttokens", "pytest", "littleutils", "rich"]

[[package]]
name = "future"
version = "0.18.3"
description = "Clean single-source support for Python 3 and 2"
category = "main"
optional = false
python-versions = ">=2.6, !=3.0.*, !=3.1.*, !=3.2.*"

[[package]]
name = "grpcio"
version = "1.53.0"
description = "HTTP/2-based RPC framework"
category = "main"
optional = false
python-versions = ">=3.7"

[package.extras]
protobuf = ["grpcio-tools (>=1.53.0)"]

[[package]]
name = "importlib-metadata"
version = "4.13.0"
description = "Read metadata from Python packages"
category = "main"
optional = false
python-versions = ">=3.7"

[package.dependencies]
zipp = ">=0.5"

[package.extras]
docs = ["sphinx (>=3.5)", "jaraco.packaging (>=9)", "rst.linker (>=1.9)", "furo", "jaraco.tidelift (>=1.4)"]
perf = ["ipython"]
testing = ["pytest (>=6)", "pytest-checkdocs (>=2.4)", "pytest-flake8", "flake8 (<5)", "pytest-cov", "pytest-enabler (>=1.3)", "packaging", "pyfakefs", "flufl.flake8", "pytest-perf (>=0.9.2)", "pytest-black (>=0.3.7)", "pytest-mypy (>=0.9.1)", "importlib-resources (>=1.3)"]

[[package]]
name = "ipython"
version = "8.12.0"
description = "IPython: Productive Interactive Computing"
category = "dev"
optional = false
python-versions = ">=3.8"

[package.dependencies]
appnope = {version = "*", markers = "sys_platform == \"darwin\""}
backcall = "*"
colorama = {version = "*", markers = "sys_platform == \"win32\""}
decorator = "*"
jedi = ">=0.16"
matplotlib-inline = "*"
pexpect = {version = ">4.3", markers = "sys_platform != \"win32\""}
pickleshare = "*"
prompt-toolkit = ">=3.0.30,<3.0.37 || >3.0.37,<3.1.0"
pygments = ">=2.4.0"
stack-data = "*"
traitlets = ">=5"
typing-extensions = {version = "*", markers = "python_version < \"3.10\""}

[package.extras]
all = ["black", "ipykernel", "setuptools (>=18.5)", "sphinx (>=1.3)", "sphinx-rtd-theme", "docrepr", "matplotlib", "stack-data", "pytest (<7)", "typing-extensions", "pytest (<7.1)", "pytest-asyncio", "testpath", "nbconvert", "nbformat", "ipywidgets", "notebook", "ipyparallel", "qtconsole", "curio", "matplotlib (!=3.2.0)", "numpy (>=1.21)", "pandas", "trio"]
black = ["black"]
doc = ["ipykernel", "setuptools (>=18.5)", "sphinx (>=1.3)", "sphinx-rtd-theme", "docrepr", "matplotlib", "stack-data", "pytest (<7)", "typing-extensions", "pytest (<7.1)", "pytest-asyncio", "testpath"]
kernel = ["ipykernel"]
nbconvert = ["nbconvert"]
nbformat = ["nbformat"]
notebook = ["ipywidgets", "notebook"]
parallel = ["ipyparallel"]
qtconsole = ["qtconsole"]
test = ["pytest (<7.1)", "pytest-asyncio", "testpath"]
test_extra = ["pytest (<7.1)", "pytest-asyncio", "testpath", "curio", "matplotlib (!=3.2.0)", "nbformat", "numpy (>=1.21)", "pandas", "trio"]

[[package]]
name = "jedi"
version = "0.18.2"
description = "An autocompletion tool for Python that can be used for text editors."
category = "dev"
optional = false
python-versions = ">=3.6"

[package.dependencies]
parso = ">=0.8.0,<0.9.0"

[package.extras]
docs = ["Jinja2 (==2.11.3)", "MarkupSafe (==1.1.1)", "Pygments (==2.8.1)", "alabaster (==0.7.12)", "babel (==2.9.1)", "chardet (==4.0.0)", "commonmark (==0.8.1)", "docutils (==0.17.1)", "future (==0.18.2)", "idna (==2.10)", "imagesize (==1.2.0)", "mock (==1.0.1)", "packaging (==20.9)", "pyparsing (==2.4.7)", "pytz (==2021.1)", "readthedocs-sphinx-ext (==2.1.4)", "recommonmark (==0.5.0)", "requests (==2.25.1)", "six (==1.15.0)", "snowballstemmer (==2.1.0)", "sphinx-rtd-theme (==0.4.3)", "sphinx (==1.8.5)", "sphinxcontrib-serializinghtml (==1.1.4)", "sphinxcontrib-websupport (==1.2.4)", "urllib3 (==1.26.4)"]
qa = ["flake8 (==3.8.3)", "mypy (==0.782)"]
testing = ["Django (<3.1)", "attrs", "colorama", "docopt", "pytest (<7.0.0)"]

[[package]]
name = "jinja2"
version = "3.1.2"
description = "A very fast and expressive template engine."
category = "main"
optional = false
python-versions = ">=3.7"

[package.dependencies]
MarkupSafe = ">=2.0"

[package.extras]
i18n = ["Babel (>=2.7)"]

[[package]]
name = "jmespath"
version = "1.0.1"
description = "JSON Matching Expressions"
category = "main"
optional = false
python-versions = ">=3.7"

[[package]]
name = "jsondiff"
version = "2.0.0"
description = "Diff JSON and JSON-like structures in Python"
category = "main"
optional = false
python-versions = "*"

[[package]]
name = "lxml"
version = "4.9.2"
description = "Powerful and Pythonic XML processing library combining libxml2/libxslt with the ElementTree API."
category = "main"
optional = false
python-versions = ">=2.7, !=3.0.*, !=3.1.*, !=3.2.*, !=3.3.*, != 3.4.*"

[package.extras]
cssselect = ["cssselect (>=0.7)"]
html5 = ["html5lib"]
htmlsoup = ["beautifulsoup4"]
source = ["Cython (>=0.29.7)"]

[[package]]
name = "markupsafe"
version = "2.1.2"
description = "Safely add untrusted strings to HTML/XML markup."
category = "main"
optional = false
python-versions = ">=3.7"

[[package]]
name = "matplotlib-inline"
version = "0.1.6"
description = "Inline Matplotlib backend for Jupyter"
category = "dev"
optional = false
python-versions = ">=3.5"

[package.dependencies]
traitlets = "*"

[[package]]
name = "more-itertools"
version = "9.1.0"
description = "More routines for operating on iterables, beyond itertools"
category = "dev"
optional = false
python-versions = ">=3.7"

[[package]]
name = "mypy-extensions"
version = "0.4.4"
description = "Experimental type system extensions for programs checked with the mypy typechecker."
category = "main"
optional = false
python-versions = ">=2.7"

[[package]]
name = "natsort"
version = "8.3.1"
description = "Simple yet flexible natural sorting in Python."
category = "main"
optional = false
python-versions = ">=3.7"

[package.extras]
fast = ["fastnumbers (>=2.0.0)"]
icu = ["PyICU (>=1.0.0)"]

[[package]]
name = "nornir"
version = "3.3.0"
description = "Pluggable multi-threaded framework with inventory management to help operate collections of devices"
category = "main"
optional = false
python-versions = ">=3.7,<4.0"

[package.dependencies]
importlib-metadata = {version = ">=4,<5", markers = "python_version < \"3.10\""}
mypy_extensions = ">=0.4.1,<0.5.0"
"ruamel.yaml" = ">=0.17"
typing_extensions = ">=4.1,<5.0"

[package.extras]
docs = ["sphinx (>=4,<5)", "sphinx_rtd_theme (>=1.0,<2.0)", "sphinxcontrib-napoleon (>=0.7,<0.8)", "jupyter (>=1,<2)", "nbsphinx (>=0.8,<0.9)", "pygments (>=2,<3)", "sphinx-issues (>=3.0,<4.0)"]

[[package]]
name = "nornir-jinja2"
version = "0.2.0"
description = "Jinja2 plugins for nornir"
category = "main"
optional = false
python-versions = ">=3.6,<4.0"

[package.dependencies]
jinja2 = ">=2.11.2,<4"
nornir = ">=3,<4"

[[package]]
name = "nornir-scrapli"
version = "2022.7.30"
description = "Scrapli's plugin for Nornir"
category = "main"
optional = false
python-versions = ">=3.7"

[package.dependencies]
nornir = ">=3.0.0"
nornir-utils = ">=0.1.0"
ntc-templates = ">=1.1.0"
scrapli = ">=2022.01.30"
scrapli-cfg = ">=2022.01.30"
scrapli-community = ">=2021.01.30"
scrapli-netconf = ">=2022.01.30"
textfsm = ">=1.1.0"

[package.extras]
full = ["genie (>=20.2)", "pyats (>=20.2)"]
genie = ["genie (>=20.2)", "pyats (>=20.2)"]

[[package]]
name = "nornir-utils"
version = "0.2.0"
description = "Collection of plugins and functions for nornir that don't require external dependencies"
category = "main"
optional = false
python-versions = ">=3.6.2,<4.0.0"

[package.dependencies]
colorama = ">=0.4.3,<0.5.0"
nornir = ">=3,<4"

[[package]]
name = "ntc-templates"
version = "3.3.0"
description = "TextFSM Templates for Network Devices, and Python wrapper for TextFSM's CliTable."
category = "main"
optional = false
python-versions = ">=3.7,<4.0"

[package.dependencies]
textfsm = ">=1.1.0,<2.0.0"

[[package]]
name = "ordered-set"
version = "4.1.0"
description = "An OrderedSet is a custom MutableSet that remembers its order, so that every"
category = "main"
optional = false
python-versions = ">=3.7"

[package.extras]
dev = ["pytest", "black", "mypy"]

[[package]]
name = "packaging"
version = "23.0"
description = "Core utilities for Python packages"
category = "dev"
optional = false
python-versions = ">=3.7"

[[package]]
name = "parso"
version = "0.8.3"
description = "A Python Parser"
category = "dev"
optional = false
python-versions = ">=3.6"

[package.extras]
qa = ["flake8 (==3.8.3)", "mypy (==0.782)"]
testing = ["docopt", "pytest (<6.0.0)"]

[[package]]
name = "pexpect"
version = "4.8.0"
description = "Pexpect allows easy control of interactive console applications."
category = "dev"
optional = false
python-versions = "*"

[package.dependencies]
ptyprocess = ">=0.5"

[[package]]
name = "pickleshare"
version = "0.7.5"
description = "Tiny 'shelve'-like database with concurrency support"
category = "dev"
optional = false
python-versions = "*"

[[package]]
name = "pluggy"
version = "0.13.1"
description = "plugin and hook calling mechanisms for python"
category = "dev"
optional = false
python-versions = ">=2.7, !=3.0.*, !=3.1.*, !=3.2.*, !=3.3.*"

[package.extras]
dev = ["pre-commit", "tox"]

[[package]]
name = "prompt-toolkit"
version = "3.0.38"
description = "Library for building powerful interactive command lines in Python"
category = "dev"
optional = false
python-versions = ">=3.7.0"

[package.dependencies]
wcwidth = "*"

[[package]]
name = "protobuf"
version = "4.22.1"
description = ""
category = "main"
optional = false
python-versions = ">=3.7"

[[package]]
name = "ptyprocess"
version = "0.7.0"
description = "Run a subprocess in a pseudo terminal"
category = "dev"
optional = false
python-versions = "*"

[[package]]
name = "pure-eval"
version = "0.2.2"
description = "Safely evaluate AST nodes without side effects"
category = "dev"
optional = false
python-versions = "*"

[package.extras]
tests = ["pytest"]

[[package]]
name = "py"
version = "1.11.0"
description = "library with cross-python path, ini-parsing, io, code, log facilities"
category = "dev"
optional = false
python-versions = ">=2.7, !=3.0.*, !=3.1.*, !=3.2.*, !=3.3.*, !=3.4.*"

[[package]]
name = "pycparser"
version = "2.21"
description = "C parser in Python"
category = "main"
optional = false
python-versions = ">=2.7, !=3.0.*, !=3.1.*, !=3.2.*, !=3.3.*"

[[package]]
name = "pygments"
version = "2.14.0"
description = "Pygments is a syntax highlighting package written in Python."
category = "main"
optional = false
python-versions = ">=3.6"

[package.extras]
plugins = ["importlib-metadata"]

[[package]]
name = "pygnmi"
version = "0.8.9"
description = "Pure Python gNMI client to manage network functions and collect telemetry."
category = "main"
optional = false
python-versions = "*"

[package.dependencies]
cryptography = "*"
dictdiffer = "*"
grpcio = "*"
protobuf = "*"

[[package]]
name = "pytest"
version = "5.4.3"
description = "pytest: simple powerful testing with Python"
category = "dev"
optional = false
python-versions = ">=3.5"

[package.dependencies]
atomicwrites = {version = ">=1.0", markers = "sys_platform == \"win32\""}
attrs = ">=17.4.0"
colorama = {version = "*", markers = "sys_platform == \"win32\""}
more-itertools = ">=4.0.0"
packaging = "*"
pluggy = ">=0.12,<1.0"
py = ">=1.5.0"
wcwidth = "*"

[package.extras]
checkqa-mypy = ["mypy (==v0.761)"]
testing = ["argcomplete", "hypothesis (>=3.56)", "mock", "nose", "requests", "xmlschema"]

[[package]]
name = "rich"
version = "12.6.0"
description = "Render rich text, tables, progress bars, syntax highlighting, markdown and more to the terminal"
category = "main"
optional = false
python-versions = ">=3.6.3,<4.0.0"

[package.dependencies]
commonmark = ">=0.9.0,<0.10.0"
pygments = ">=2.6.0,<3.0.0"
typing-extensions = {version = ">=4.0.0,<5.0", markers = "python_version < \"3.9\""}

[package.extras]
jupyter = ["ipywidgets (>=7.5.1,<8.0.0)"]

[[package]]
name = "ruamel.yaml"
version = "0.17.21"
description = "ruamel.yaml is a YAML parser/emitter that supports roundtrip preservation of comments, seq/map flow style, and map key order"
category = "main"
optional = false
python-versions = ">=3"

[package.dependencies]
"ruamel.yaml.clib" = {version = ">=0.2.6", markers = "platform_python_implementation == \"CPython\" and python_version < \"3.11\""}

[package.extras]
docs = ["ryd"]
jinja2 = ["ruamel.yaml.jinja2 (>=0.2)"]

[[package]]
name = "ruamel.yaml.clib"
version = "0.2.7"
description = "C version of reader, parser and emitter for ruamel.yaml derived from libyaml"
category = "main"
optional = false
python-versions = ">=3.5"

[[package]]
name = "scrapli"
version = "2023.1.30"
description = "Fast, flexible, sync/async, Python 3.7+ screen scraping client specifically for network devices"
category = "main"
optional = false
python-versions = ">=3.7"

[package.extras]
asyncssh = ["asyncssh (>=2.2.1,<3.0.0)"]
community = ["scrapli-community (>=2021.01.30)"]
dev = ["black (==22.12.0)", "darglint (>=1.8.1,<2.0.0)", "isort (>=5.10.1,<6.0.0)", "mypy (==0.991)", "nox (==2022.11.21)", "pycodestyle (>=2.8.0,<3.0.0)", "pydocstyle (>=6.1.1,<7.0.0)", "pyfakefs (>=5.0.0,<6.0.0)", "pylama (>=8.4.0,<9.0.0)", "pylint (==2.15.10)", "pytest-asyncio (>=0.17.0,<1.0.0)", "pytest-cov (>=3.0.0,<5.0.0)", "pytest (>=7.0.0,<8.0.0)", "scrapli-cfg (==2022.7.30)", "scrapli-replay (==2022.7.30)", "toml (>=0.10.2,<1.0.0)", "types-paramiko (>=2.8.6,<3.0.0)", "types-pkg-resources (>=0.1.3,<1.0.0)", "ntc-templates (>=1.1.0,<4.0.0)", "textfsm (>=1.1.0,<2.0.0)", "ttp (>=0.5.0,<1.0.0)", "paramiko (>=2.6.0,<3.0.0)", "ssh2-python (>=0.23.0,<2.0.0)", "asyncssh (>=2.2.1,<3.0.0)", "scrapli-community (>=2021.01.30)", "genie (>=20.2)", "pyats (>=20.2)"]
docs = ["mdx-gh-links (>=0.2,<1.0)", "mkdocs (>=1.2.3,<2.0.0)", "mkdocs-gen-files (>=0.4.0,<1.0.0)", "mkdocs-literate-nav (>=0.5.0,<1.0.0)", "mkdocs-material (>=8.1.6,<10.0.0)", "mkdocs-material-extensions (>=1.0.3,<2.0.0)", "mkdocs-section-index (>=0.3.4,<1.0.0)", "mkdocstrings[python] (>=0.19.0,<1.0.0)"]
genie = ["genie (>=20.2)", "pyats (>=20.2)"]
paramiko = ["paramiko (>=2.6.0,<3.0.0)"]
ssh2 = ["ssh2-python (>=0.23.0,<2.0.0)"]
textfsm = ["ntc-templates (>=1.1.0,<4.0.0)", "textfsm (>=1.1.0,<2.0.0)"]
ttp = ["ttp (>=0.5.0,<1.0.0)"]

[[package]]
name = "scrapli-cfg"
version = "2023.1.30"
description = "Network device configuration management with scrapli"
category = "main"
optional = false
python-versions = ">=3.7"

[package.dependencies]
scrapli = ">=2022.01.30a2"

[package.extras]
asyncssh = ["asyncssh (>=2.2.1,<3.0.0)"]
dev = ["black (==22.12.0)", "darglint (>=1.8.1,<2.0.0)", "isort (>=5.10.1,<6.0.0)", "mypy (==0.991)", "nox (==2022.11.21)", "pycodestyle (>=2.8.0,<3.0.0)", "pydocstyle (>=6.1.1,<7.0.0)", "pyfakefs (>=5.0.0,<6.0.0)", "pylama (>=8.4.0,<9.0.0)", "pylint (==2.15.10)", "pytest-asyncio (>=0.17.0,<1.0.0)", "pytest-cov (>=3.0.0,<5.0.0)", "pytest (>=7.0.0,<8.0.0)", "scrapli-replay (==2022.7.30)", "toml (>=0.10.2,<1.0.0)", "paramiko (>=2.6.0,<3.0.0)", "ssh2-python (>=0.23.0,<2.0.0)", "asyncssh (>=2.2.1,<3.0.0)"]
docs = ["mdx-gh-links (>=0.2,<1.0)", "mkdocs (>=1.2.3,<2.0.0)", "mkdocs-gen-files (>=0.4.0,<1.0.0)", "mkdocs-literate-nav (>=0.5.0,<1.0.0)", "mkdocs-material (>=8.1.6,<10.0.0)", "mkdocs-material-extensions (>=1.0.3,<2.0.0)", "mkdocs-section-index (>=0.3.4,<1.0.0)", "mkdocstrings[python] (>=0.19.0,<1.0.0)"]
paramiko = ["paramiko (>=2.6.0,<3.0.0)"]
ssh2 = ["ssh2-python (>=0.23.0,<2.0.0)"]

[[package]]
name = "scrapli-community"
version = "2023.1.30"
description = "Easily add support for 'non-core' platforms to scrapli"
category = "main"
optional = false
python-versions = ">=3.7"

[package.dependencies]
scrapli = ">=2021.07.30a1"

[package.extras]
dev = ["black (==22.12.0)", "darglint (>=1.8.1,<2.0.0)", "isort (>=5.10.1,<6.0.0)", "mypy (==0.991)", "nox (==2022.11.21)", "pycodestyle (>=2.8.0,<3.0.0)", "pydocstyle (>=6.1.1,<7.0.0)", "pylama (>=8.4.0,<9.0.0)", "pylint (==2.15.10)", "pytest-cov (>=3.0.0,<5.0.0)", "pytest (>=7.0.0,<8.0.0)", "toml (>=0.10.2,<1.0.0)"]
docs = ["mdx-gh-links (>=0.2,<1.0)", "mkdocs (>=1.2.3,<2.0.0)", "mkdocs-gen-files (>=0.4.0,<1.0.0)", "mkdocs-literate-nav (>=0.5.0,<1.0.0)", "mkdocs-material (>=8.1.6,<10.0.0)", "mkdocs-material-extensions (>=1.0.3,<2.0.0)", "mkdocs-section-index (>=0.3.4,<1.0.0)", "mkdocstrings[python] (>=0.19.0,<1.0.0)"]

[[package]]
name = "scrapli-netconf"
version = "2023.1.30"
description = "Fast, flexible, sync/async, Python 3.7+ NETCONF client built on scrapli"
category = "main"
optional = false
python-versions = ">=3.7"

[package.dependencies]
lxml = ">=4.5.1,<5.0.0"
scrapli = ">=2022.07.30"

[package.extras]
asyncssh = ["asyncssh (>=2.2.1,<3.0.0)"]
dev = ["black (==22.12.0)", "darglint (>=1.8.1,<2.0.0)", "isort (>=5.10.1,<6.0.0)", "mypy (==0.991)", "nox (==2022.11.21)", "pycodestyle (>=2.8.0,<3.0.0)", "pydocstyle (>=6.1.1,<7.0.0)", "pylama (>=8.4.0,<9.0.0)", "pylint (==2.15.10)", "pytest-asyncio (>=0.17.0,<1.0.0)", "pytest-cov (>=3.0.0,<5.0.0)", "pytest (>=7.0.0,<8.0.0)", "toml (>=0.10.2,<1.0.0)", "paramiko (>=2.6.0,<3.0.0)", "ssh2-python (>=0.23.0,<2.0.0)", "asyncssh (>=2.2.1,<3.0.0)"]
docs = ["mdx-gh-links (>=0.2,<1.0)", "mkdocs (>=1.2.3,<2.0.0)", "mkdocs-gen-files (>=0.4.0,<1.0.0)", "mkdocs-literate-nav (>=0.5.0,<1.0.0)", "mkdocs-material (>=8.1.6,<10.0.0)", "mkdocs-material-extensions (>=1.0.3,<2.0.0)", "mkdocs-section-index (>=0.3.4,<1.0.0)", "mkdocstrings[python] (>=0.19.0,<1.0.0)"]
paramiko = ["paramiko (>=2.6.0,<3.0.0)"]
ssh2 = ["ssh2-python (>=0.23.0,<2.0.0)"]

[[package]]
name = "six"
version = "1.16.0"
description = "Python 2 and 3 compatibility utilities"
category = "main"
optional = false
python-versions = ">=2.7, !=3.0.*, !=3.1.*, !=3.2.*"

[[package]]
name = "stack-data"
version = "0.6.2"
description = "Extract data from python stack frames and tracebacks for informative displays"
category = "dev"
optional = false
python-versions = "*"

[package.dependencies]
asttokens = ">=2.1.0"
executing = ">=1.2.0"
pure-eval = "*"

[package.extras]
tests = ["pytest", "typeguard", "pygments", "littleutils", "cython"]

[[package]]
name = "textfsm"
version = "1.1.3"
description = "Python module for parsing semi-structured text into python tables."
category = "main"
optional = false
python-versions = "*"

[package.dependencies]
future = "*"
six = "*"

[[package]]
name = "traitlets"
version = "5.9.0"
description = "Traitlets Python configuration system"
category = "dev"
optional = false
python-versions = ">=3.7"

[package.extras]
docs = ["myst-parser", "pydata-sphinx-theme", "sphinx"]
test = ["argcomplete (>=2.0)", "pre-commit", "pytest", "pytest-mock"]

[[package]]
name = "typing-extensions"
version = "4.5.0"
description = "Backported and Experimental Type Hints for Python 3.7+"
category = "main"
optional = false
python-versions = ">=3.7"

[[package]]
name = "wcwidth"
version = "0.2.6"
description = "Measures the displayed width of unicode strings in a terminal"
category = "dev"
optional = false
python-versions = "*"

[[package]]
name = "zipp"
version = "3.15.0"
description = "Backport of pathlib-compatible object wrapper for zip files"
category = "main"
optional = false
python-versions = ">=3.7"

[package.extras]
docs = ["sphinx (>=3.5)", "jaraco.packaging (>=9)", "rst.linker (>=1.9)", "furo", "sphinx-lint", "jaraco.tidelift (>=1.4)"]
testing = ["pytest (>=6)", "pytest-checkdocs (>=2.4)", "flake8 (<5)", "pytest-cov", "pytest-enabler (>=1.3)", "jaraco.itertools", "jaraco.functools", "more-itertools", "big-o", "pytest-black (>=0.3.7)", "pytest-mypy (>=0.9.1)", "pytest-flake8"]

[metadata]
lock-version = "1.1"
python-versions = "^3.8"
content-hash = "3345c9bb64d8083b661ef5985bcb7a7f228465e44293ea4e75b3704f54e7b667"

[metadata.files]
appnope = []
asttokens = []
atomicwrites = []
attrs = []
backcall = []
blessings = []
cffi = []
click = []
colorama = []
commonmark = []
cryptography = []
decorator = []
deepdiff = []
dictdiffer = []
executing = []
future = []
grpcio = []
importlib-metadata = []
ipython = []
jedi = []
jinja2 = []
jmespath = []
jsondiff = []
lxml = []
markupsafe = []
matplotlib-inline = []
more-itertools = []
mypy-extensions = []
natsort = []
nornir = []
nornir-jinja2 = []
nornir-scrapli = []
nornir-utils = []
ntc-templates = []
ordered-set = []
packaging = []
parso = []
pexpect = []
pickleshare = []
pluggy = []
prompt-toolkit = []
protobuf = []
ptyprocess = []
pure-eval = []
py = []
pycparser = []
pygments = []
pygnmi = []
pytest = []
rich = []
"ruamel.yaml" = []
"ruamel.yaml.clib" = []
scrapli = []
scrapli-cfg = []
scrapli-community = []
scrapli-netconf = []
six = []
stack-data = []
textfsm = []
traitlets = []
typing-extensions = []
wcwidth = []
zipp = []
